
Microsoft Visual Studio Solution File, Format Version 12.00
# Visual Studio Version 16
VisualStudioVersion = 16.0.30011.22
MinimumVisualStudioVersion = 10.0.40219.1
Project("{FAE04EC0-301F-11D3-BF4B-00C04F79EFBC}") = "login_pildirakendus.UWP", "login_pildirakendus\login_pildirakendus.UWP\login_pildirakendus.UWP.csproj", "{5FAB5A13-DF0A-426E-9504-3D730095F644}"
EndProject
Project("{FAE04EC0-301F-11D3-BF4B-00C04F79EFBC}") = "login_pildirakendus.Android", "login_pildirakendus\login_pildirakendus.Android\login_pildirakendus.Android.csproj", "{1584EEDF-1327-4318-969A-00799CF94224}"
EndProject
Project("{9A19103F-16F7-4668-BE54-9A1E7A4F7556}") = "login_pildirakendus", "login_pildirakendus\login_pildirakendus\login_pildirakendus.csproj", "{F8557D53-9E35-47E0-A4E5-BA123AD766BF}"
EndProject
Global
	GlobalSection(SolutionConfigurationPlatforms) = preSolution
		Debug|Any CPU = Debug|Any CPU
		Debug|ARM = Debug|ARM
		Debug|x64 = Debug|x64
		Debug|x86 = Debug|x86
		Release|Any CPU = Release|Any CPU
		Release|ARM = Release|ARM
		Release|x64 = Release|x64
		Release|x86 = Release|x86
	EndGlobalSection
	GlobalSection(ProjectConfigurationPlatforms) = postSolution
		{5FAB5A13-DF0A-426E-9504-3D730095F644}.Debug|Any CPU.ActiveCfg = Debug|x86
		{5FAB5A13-DF0A-426E-9504-3D730095F644}.Debug|Any CPU.Build.0 = Debug|x86
		{5FAB5A13-DF0A-426E-9504-3D730095F644}.Debug|Any CPU.Deploy.0 = Debug|x86
		{5FAB5A13-DF0A-426E-9504-3D730095F644}.Debug|ARM.ActiveCfg = Debug|ARM
		{5FAB5A13-DF0A-426E-9504-3D730095F644}.Debug|ARM.Build.0 = Debug|ARM
		{5FAB5A13-DF0A-426E-9504-3D730095F644}.Debug|ARM.Deploy.0 = Debug|ARM
		{5FAB5A13-DF0A-426E-9504-3D730095F644}.Debug|x64.ActiveCfg = Debug|x64
		{5FAB5A13-DF0A-426E-9504-3D730095F644}.Debug|x64.Build.0 = Debug|x64
		{5FAB5A13-DF0A-426E-9504-3D730095F644}.Debug|x64.Deploy.0 = Debug|x64
		{5FAB5A13-DF0A-426E-9504-3D730095F644}.Debug|x86.ActiveCfg = Debug|x86
		{5FAB5A13-DF0A-426E-9504-3D730095F644}.Debug|x86.Build.0 = Debug|x86
		{5FAB5A13-DF0A-426E-9504-3D730095F644}.Debug|x86.Deploy.0 = Debug|x86
		{5FAB5A13-DF0A-426E-9504-3D730095F644}.Release|Any CPU.ActiveCfg = Release|x86
		{5FAB5A13-DF0A-426E-9504-3D730095F644}.Release|Any CPU.Build.0 = Release|x86
		{5FAB5A13-DF0A-426E-9504-3D730095F644}.Release|Any CPU.Deploy.0 = Release|x86
		{5FAB5A13-DF0A-426E-9504-3D730095F644}.Release|ARM.ActiveCfg = Release|ARM
		{5FAB5A13-DF0A-426E-9504-3D730095F644}.Release|ARM.Build.0 = Release|ARM
		{5FAB5A13-DF0A-426E-9504-3D730095F644}.Release|ARM.Deploy.0 = Release|ARM
		{5FAB5A13-DF0A-426E-9504-3D730095F644}.Release|x64.ActiveCfg = Release|x64
		{5FAB5A13-DF0A-426E-9504-3D730095F644}.Release|x64.Build.0 = Release|x64
		{5FAB5A13-DF0A-426E-9504-3D730095F644}.Release|x64.Deploy.0 = Release|x64
		{5FAB5A13-DF0A-426E-9504-3D730095F644}.Release|x86.ActiveCfg = Release|x86
		{5FAB5A13-DF0A-426E-9504-3D730095F644}.Release|x86.Build.0 = Release|x86
		{5FAB5A13-DF0A-426E-9504-3D730095F644}.Release|x86.Deploy.0 = Release|x86
		{1584EEDF-1327-4318-969A-00799CF94224}.Debug|Any CPU.ActiveCfg = Debug|Any CPU
		{1584EEDF-1327-4318-969A-00799CF94224}.Debug|Any CPU.Build.0 = Debug|Any CPU
		{1584EEDF-1327-4318-969A-00799CF94224}.Debug|Any CPU.Deploy.0 = Debug|Any CPU
		{1584EEDF-1327-4318-969A-00799CF94224}.Debug|ARM.ActiveCfg = Debug|Any CPU
		{1584EEDF-1327-4318-969A-00799CF94224}.Debug|ARM.Build.0 = Debug|Any CPU
		{1584EEDF-1327-4318-969A-00799CF94224}.Debug|ARM.Deploy.0 = Debug|Any CPU
		{1584EEDF-1327-4318-969A-00799CF94224}.Debug|x64.ActiveCfg = Debug|Any CPU
		{1584EEDF-1327-4318-969A-00799CF94224}.Debug|x64.Build.0 = Debug|Any CPU
		{1584EEDF-1327-4318-969A-00799CF94224}.Debug|x64.Deploy.0 = Debug|Any CPU
		{1584EEDF-1327-4318-969A-00799CF94224}.Debug|x86.ActiveCfg = Debug|Any CPU
		{1584EEDF-1327-4318-969A-00799CF94224}.Debug|x86.Build.0 = Debug|Any CPU
		{1584EEDF-1327-4318-969A-00799CF94224}.Debug|x86.Deploy.0 = Debug|Any CPU
		{1584EEDF-1327-4318-969A-00799CF94224}.Release|Any CPU.ActiveCfg = Release|Any CPU
		{1584EEDF-1327-4318-969A-00799CF94224}.Release|Any CPU.Build.0 = Release|Any CPU
		{1584EEDF-1327-4318-969A-00799CF94224}.Release|Any CPU.Deploy.0 = Release|Any CPU
		{1584EEDF-1327-4318-969A-00799CF94224}.Release|ARM.ActiveCfg = Release|Any CPU
		{1584EEDF-1327-4318-969A-00799CF94224}.Release|ARM.Build.0 = Release|Any CPU
		{1584EEDF-1327-4318-969A-00799CF94224}.Release|ARM.Deploy.0 = Release|Any CPU
		{1584EEDF-1327-4318-969A-00799CF94224}.Release|x64.ActiveCfg = Release|Any CPU
		{1584EEDF-1327-4318-969A-00799CF94224}.Release|x64.Build.0 = Release|Any CPU
		{1584EEDF-1327-4318-969A-00799CF94224}.Release|x64.Deploy.0 = Release|Any CPU
		{1584EEDF-1327-4318-969A-00799CF94224}.Release|x86.ActiveCfg = Release|Any CPU
		{1584EEDF-1327-4318-969A-00799CF94224}.Release|x86.Build.0 = Release|Any CPU
		{1584EEDF-1327-4318-969A-00799CF94224}.Release|x86.Deploy.0 = Release|Any CPU
		{F8557D53-9E35-47E0-A4E5-BA123AD766BF}.Debug|Any CPU.ActiveCfg = Debug|Any CPU
		{F8557D53-9E35-47E0-A4E5-BA123AD766BF}.Debug|Any CPU.Build.0 = Debug|Any CPU
		{F8557D53-9E35-47E0-A4E5-BA123AD766BF}.Debug|Any CPU.Deploy.0 = Debug|Any CPU
		{F8557D53-9E35-47E0-A4E5-BA123AD766BF}.Debug|ARM.ActiveCfg = Debug|Any CPU
		{F8557D53-9E35-47E0-A4E5-BA123AD766BF}.Debug|ARM.Build.0 = Debug|Any CPU
		{F8557D53-9E35-47E0-A4E5-BA123AD766BF}.Debug|ARM.Deploy.0 = Debug|Any CPU
		{F8557D53-9E35-47E0-A4E5-BA123AD766BF}.Debug|x64.ActiveCfg = Debug|Any CPU
		{F8557D53-9E35-47E0-A4E5-BA123AD766BF}.Debug|x64.Build.0 = Debug|Any CPU
		{F8557D53-9E35-47E0-A4E5-BA123AD766BF}.Debug|x64.Deploy.0 = Debug|Any CPU
		{F8557D53-9E35-47E0-A4E5-BA123AD766BF}.Debug|x86.ActiveCfg = Debug|Any CPU
		{F8557D53-9E35-47E0-A4E5-BA123AD766BF}.Debug|x86.Build.0 = Debug|Any CPU
		{F8557D53-9E35-47E0-A4E5-BA123AD766BF}.Debug|x86.Deploy.0 = Debug|Any CPU
		{F8557D53-9E35-47E0-A4E5-BA123AD766BF}.Release|Any CPU.ActiveCfg = Release|Any CPU
		{F8557D53-9E35-47E0-A4E5-BA123AD766BF}.Release|Any CPU.Build.0 = Release|Any CPU
		{F8557D53-9E35-47E0-A4E5-BA123AD766BF}.Release|Any CPU.Deploy.0 = Release|Any CPU
		{F8557D53-9E35-47E0-A4E5-BA123AD766BF}.Release|ARM.ActiveCfg = Release|Any CPU
		{F8557D53-9E35-47E0-A4E5-BA123AD766BF}.Release|ARM.Build.0 = Release|Any CPU
		{F8557D53-9E35-47E0-A4E5-BA123AD766BF}.Release|ARM.Deploy.0 = Release|Any CPU
		{F8557D53-9E35-47E0-A4E5-BA123AD766BF}.Release|x64.ActiveCfg = Release|Any CPU
		{F8557D53-9E35-47E0-A4E5-BA123AD766BF}.Release|x64.Build.0 = Release|Any CPU
		{F8557D53-9E35-47E0-A4E5-BA123AD766BF}.Release|x64.Deploy.0 = Release|Any CPU
		{F8557D53-9E35-47E0-A4E5-BA123AD766BF}.Release|x86.ActiveCfg = Release|Any CPU
		{F8557D53-9E35-47E0-A4E5-BA123AD766BF}.Release|x86.Build.0 = Release|Any CPU
		{F8557D53-9E35-47E0-A4E5-BA123AD766BF}.Release|x86.Deploy.0 = Release|Any CPU
	EndGlobalSection
	GlobalSection(SolutionProperties) = preSolution
		HideSolutionNode = FALSE
	EndGlobalSection
	GlobalSection(ExtensibilityGlobals) = postSolution
		SolutionGuid = {635C4CFD-0D8F-4DC0-8D28-D678B5380461}
	EndGlobalSection
EndGlobal
